
Microsoft Visual Studio Solution File, Format Version 12.00
# Visual Studio Version 17
VisualStudioVersion = 17.5.33516.290
MinimumVisualStudioVersion = 10.0.40219.1
Project("{9A19103F-16F7-4668-BE54-9A1E7A4F7556}") = "01_FactoryMethod", "Practice\01_FactoryMethod.csproj", "{54032118-4E25-401E-857F-14A4B2B5CE00}"
EndProject
Project("{2150E333-8FDC-42A3-9474-1A3956D46DE8}") = "CreationalDesignPatterns", "CreationalDesignPatterns", "{2F0C2174-E3E4-4199-BE0E-FAEC7F0B1015}"
EndProject
Project("{FAE04EC0-301F-11D3-BF4B-00C04F79EFBC}") = "02_AbstractFactory", "02_AbstractFactory\02_AbstractFactory.csproj", "{61B7D4A1-3A01-468B-8AFF-CA8F90B64E21}"
EndProject
Project("{FAE04EC0-301F-11D3-BF4B-00C04F79EFBC}") = "03_SingletonPattern", "03_SingletonPattern\03_SingletonPattern.csproj", "{8D125DA4-999C-4EC4-8B4C-EAE698070527}"
EndProject
Project("{2150E333-8FDC-42A3-9474-1A3956D46DE8}") = "StructuralDesignPatterns", "StructuralDesignPatterns", "{6B3A594B-B133-407D-B902-4732B6E812FA}"
EndProject
Project("{FAE04EC0-301F-11D3-BF4B-00C04F79EFBC}") = "01_Adapter", "01_Adapter\01_Adapter.csproj", "{58DDC12D-B4E2-49B8-B9E7-B01B34E1025D}"
EndProject
Project("{FAE04EC0-301F-11D3-BF4B-00C04F79EFBC}") = "02_Bridge", "02_Bridge\02_Bridge.csproj", "{7B7238FC-BB94-412E-A401-1888206B77F4}"
EndProject
Global
	GlobalSection(SolutionConfigurationPlatforms) = preSolution
		Debug|Any CPU = Debug|Any CPU
		Release|Any CPU = Release|Any CPU
	EndGlobalSection
	GlobalSection(ProjectConfigurationPlatforms) = postSolution
		{54032118-4E25-401E-857F-14A4B2B5CE00}.Debug|Any CPU.ActiveCfg = Debug|Any CPU
		{54032118-4E25-401E-857F-14A4B2B5CE00}.Debug|Any CPU.Build.0 = Debug|Any CPU
		{54032118-4E25-401E-857F-14A4B2B5CE00}.Release|Any CPU.ActiveCfg = Release|Any CPU
		{54032118-4E25-401E-857F-14A4B2B5CE00}.Release|Any CPU.Build.0 = Release|Any CPU
		{61B7D4A1-3A01-468B-8AFF-CA8F90B64E21}.Debug|Any CPU.ActiveCfg = Debug|Any CPU
		{61B7D4A1-3A01-468B-8AFF-CA8F90B64E21}.Debug|Any CPU.Build.0 = Debug|Any CPU
		{61B7D4A1-3A01-468B-8AFF-CA8F90B64E21}.Release|Any CPU.ActiveCfg = Release|Any CPU
		{61B7D4A1-3A01-468B-8AFF-CA8F90B64E21}.Release|Any CPU.Build.0 = Release|Any CPU
		{8D125DA4-999C-4EC4-8B4C-EAE698070527}.Debug|Any CPU.ActiveCfg = Debug|Any CPU
		{8D125DA4-999C-4EC4-8B4C-EAE698070527}.Debug|Any CPU.Build.0 = Debug|Any CPU
		{8D125DA4-999C-4EC4-8B4C-EAE698070527}.Release|Any CPU.ActiveCfg = Release|Any CPU
		{8D125DA4-999C-4EC4-8B4C-EAE698070527}.Release|Any CPU.Build.0 = Release|Any CPU
		{58DDC12D-B4E2-49B8-B9E7-B01B34E1025D}.Debug|Any CPU.ActiveCfg = Debug|Any CPU
		{58DDC12D-B4E2-49B8-B9E7-B01B34E1025D}.Debug|Any CPU.Build.0 = Debug|Any CPU
		{58DDC12D-B4E2-49B8-B9E7-B01B34E1025D}.Release|Any CPU.ActiveCfg = Release|Any CPU
		{58DDC12D-B4E2-49B8-B9E7-B01B34E1025D}.Release|Any CPU.Build.0 = Release|Any CPU
		{7B7238FC-BB94-412E-A401-1888206B77F4}.Debug|Any CPU.ActiveCfg = Debug|Any CPU
		{7B7238FC-BB94-412E-A401-1888206B77F4}.Debug|Any CPU.Build.0 = Debug|Any CPU
		{7B7238FC-BB94-412E-A401-1888206B77F4}.Release|Any CPU.ActiveCfg = Release|Any CPU
		{7B7238FC-BB94-412E-A401-1888206B77F4}.Release|Any CPU.Build.0 = Release|Any CPU
	EndGlobalSection
	GlobalSection(SolutionProperties) = preSolution
		HideSolutionNode = FALSE
	EndGlobalSection
	GlobalSection(NestedProjects) = preSolution
		{54032118-4E25-401E-857F-14A4B2B5CE00} = {2F0C2174-E3E4-4199-BE0E-FAEC7F0B1015}
		{61B7D4A1-3A01-468B-8AFF-CA8F90B64E21} = {2F0C2174-E3E4-4199-BE0E-FAEC7F0B1015}
		{8D125DA4-999C-4EC4-8B4C-EAE698070527} = {2F0C2174-E3E4-4199-BE0E-FAEC7F0B1015}
		{58DDC12D-B4E2-49B8-B9E7-B01B34E1025D} = {6B3A594B-B133-407D-B902-4732B6E812FA}
		{7B7238FC-BB94-412E-A401-1888206B77F4} = {6B3A594B-B133-407D-B902-4732B6E812FA}
	EndGlobalSection
	GlobalSection(ExtensibilityGlobals) = postSolution
		SolutionGuid = {A8CDB878-03C4-4377-BF45-1CF5AB88E6EA}
	EndGlobalSection
EndGlobal
